// !$*UTF8*$!
{
	archiveVersion = 1;
	classes = {
	};
	objectVersion = 50;
	objects = {

/* Begin PBXBuildFile section */
		77C4ECE220A46BB700E1FBCD /* AppDelegate.swift in Sources */ = {isa = PBXBuildFile; fileRef = 77C4ECE120A46BB700E1FBCD /* AppDelegate.swift */; };
		77C4ECE420A46BB700E1FBCD /* ViewController.swift in Sources */ = {isa = PBXBuildFile; fileRef = 77C4ECE320A46BB700E1FBCD /* ViewController.swift */; };
		77C4ECE720A46BB700E1FBCD /* Main.storyboard in Resources */ = {isa = PBXBuildFile; fileRef = 77C4ECE520A46BB700E1FBCD /* Main.storyboard */; };
		77C4ECE920A46BB800E1FBCD /* Assets.xcassets in Resources */ = {isa = PBXBuildFile; fileRef = 77C4ECE820A46BB800E1FBCD /* Assets.xcassets */; };
		77C4ECEC20A46BB800E1FBCD /* LaunchScreen.storyboard in Resources */ = {isa = PBXBuildFile; fileRef = 77C4ECEA20A46BB800E1FBCD /* LaunchScreen.storyboard */; };
		77C4ECF420A46BD400E1FBCD /* CVCodeView.swift in Sources */ = {isa = PBXBuildFile; fileRef = 77C4ECF320A46BD400E1FBCD /* CVCodeView.swift */; };
/* End PBXBuildFile section */

/* Begin PBXFileReference section */
		77C4ECDE20A46BB700E1FBCD /* CVCodeView.app */ = {isa = PBXFileReference; explicitFileType = wrapper.application; includeInIndex = 0; path = CVCodeView.app; sourceTree = BUILT_PRODUCTS_DIR; };
		77C4ECE120A46BB700E1FBCD /* AppDelegate.swift */ = {isa = PBXFileReference; lastKnownFileType = sourcecode.swift; path = AppDelegate.swift; sourceTree = "<group>"; };
		77C4ECE320A46BB700E1FBCD /* ViewController.swift */ = {isa = PBXFileReference; lastKnownFileType = sourcecode.swift; path = ViewController.swift; sourceTree = "<group>"; };
		77C4ECE620A46BB700E1FBCD /* Base */ = {isa = PBXFileReference; lastKnownFileType = file.storyboard; name = Base; path = Base.lproj/Main.storyboard; sourceTree = "<group>"; };
		77C4ECE820A46BB800E1FBCD /* Assets.xcassets */ = {isa = PBXFileReference; lastKnownFileType = folder.assetcatalog; path = Assets.xcassets; sourceTree = "<group>"; };
		77C4ECEB20A46BB800E1FBCD /* Base */ = {isa = PBXFileReference; lastKnownFileType = file.storyboard; name = Base; path = Base.lproj/LaunchScreen.storyboard; sourceTree = "<group>"; };
		77C4ECED20A46BB800E1FBCD /* Info.plist */ = {isa = PBXFileReference; lastKnownFileType = text.plist.xml; path = Info.plist; sourceTree = "<group>"; };
		77C4ECF320A46BD400E1FBCD /* CVCodeView.swift */ = {isa = PBXFileReference; lastKnownFileType = sourcecode.swift; path = CVCodeView.swift; sourceTree = "<group>"; };
/* End PBXFileReference section */

/* Begin PBXFrameworksBuildPhase section */
		77C4ECDB20A46BB700E1FBCD /* Frameworks */ = {
			isa = PBXFrameworksBuildPhase;
			buildActionMask = 2147483647;
			files = (
			);
			runOnlyForDeploymentPostprocessing = 0;
		};
/* End PBXFrameworksBuildPhase section */

/* Begin PBXGroup section */
		77C4ECD520A46BB700E1FBCD = {
			isa = PBXGroup;
			children = (
				77C4ECE020A46BB700E1FBCD /* anbddde */,
				77C4ECDF20A46BB700E1FBCD /* Products */,
			);
			sourceTree = "<group>";
		};
		77C4ECDF20A46BB700E1FBCD /* Products */ = {
			isa = PBXGroup;
			children = (
				77C4ECDE20A46BB700E1FBCD /* CVCodeView.app */,
			);
			name = Products;
			sourceTree = "<group>";
		};
		77C4ECE020A46BB700E1FBCD /* anbddde */ = {
			isa = PBXGroup;
			children = (
				77C4ECE120A46BB700E1FBCD /* AppDelegate.swift */,
				77C4ECE320A46BB700E1FBCD /* ViewController.swift */,
				77C4ECE520A46BB700E1FBCD /* Main.storyboard */,
				77C4ECE820A46BB800E1FBCD /* Assets.xcassets */,
				77C4ECEA20A46BB800E1FBCD /* LaunchScreen.storyboard */,
				77C4ECED20A46BB800E1FBCD /* Info.plist */,
				77C4ECF320A46BD400E1FBCD /* CVCodeView.swift */,
			);
			path = anbddde;
			sourceTree = "<group>";
		};
/* End PBXGroup section */

/* Begin PBXNativeTarget section */
		77C4ECDD20A46BB700E1FBCD /* CVCodeView */ = {
			isa = PBXNativeTarget;
			buildConfigurationList = 77C4ECF020A46BB800E1FBCD /* Build configuration list for PBXNativeTarget "CVCodeView" */;
			buildPhases = (
				77C4ECDA20A46BB700E1FBCD /* Sources */,
				77C4ECDB20A46BB700E1FBCD /* Frameworks */,
				77C4ECDC20A46BB700E1FBCD /* Resources */,
			);
			buildRules = (
			);
			dependencies = (
			);
			name = CVCodeView;
			productName = anbddde;
			productReference = 77C4ECDE20A46BB700E1FBCD /* CVCodeView.app */;
			productType = "com.apple.product-type.application";
		};
/* End PBXNativeTarget section */

/* Begin PBXProject section */
		77C4ECD620A46BB700E1FBCD /* Project object */ = {
			isa = PBXProject;
			attributes = {
				LastSwiftUpdateCheck = 0930;
				LastUpgradeCheck = 0930;
				ORGANIZATIONNAME = "Ahmed Qazzaz";
				TargetAttributes = {
					77C4ECDD20A46BB700E1FBCD = {
						CreatedOnToolsVersion = 9.3;
					};
				};
			};
			buildConfigurationList = 77C4ECD920A46BB700E1FBCD /* Build configuration list for PBXProject "CVCodeView" */;
			compatibilityVersion = "Xcode 9.3";
			developmentRegion = en;
			hasScannedForEncodings = 0;
			knownRegions = (
				en,
				Base,
			);
			mainGroup = 77C4ECD520A46BB700E1FBCD;
			productRefGroup = 77C4ECDF20A46BB700E1FBCD /* Products */;
			projectDirPath = "";
			projectRoot = "";
			targets = (
				77C4ECDD20A46BB700E1FBCD /* CVCodeView */,
			);
		};
/* End PBXProject section */

/* Begin PBXResourcesBuildPhase section */
		77C4ECDC20A46BB700E1FBCD /* Resources */ = {
			isa = PBXResourcesBuildPhase;
			buildActionMask = 2147483647;
			files = (
				77C4ECEC20A46BB800E1FBCD /* LaunchScreen.storyboard in Resources */,
				77C4ECE920A46BB800E1FBCD /* Assets.xcassets in Resources */,
				77C4ECE720A46BB700E1FBCD /* Main.storyboard in Resources */,
			);
			runOnlyForDeploymentPostprocessing = 0;
		};
/* End PBXResourcesBuildPhase section */

/* Begin PBXSourcesBuildPhase section */
		77C4ECDA20A46BB700E1FBCD /* Sources */ = {
			isa = PBXSourcesBuildPhase;
			buildActionMask = 2147483647;
			files = (
				77C4ECF420A46BD400E1FBCD /* CVCodeView.swift in Sources */,
				77C4ECE420A46BB700E1FBCD /* ViewController.swift in Sources */,
				77C4ECE220A46BB700E1FBCD /* AppDelegate.swift in Sources */,
			);
			runOnlyForDeploymentPostprocessing = 0;
		};
/* End PBXSourcesBuildPhase section */

/* Begin PBXVariantGroup section */
		77C4ECE520A46BB700E1FBCD /* Main.storyboard */ = {
			isa = PBXVariantGroup;
			children = (
				77C4ECE620A46BB700E1FBCD /* Base */,
			);
			name = Main.storyboard;
			sourceTree = "<group>";
		};
		77C4ECEA20A46BB800E1FBCD /* LaunchScreen.storyboard */ = {
			isa = PBXVariantGroup;
			children = (
				77C4ECEB20A46BB800E1FBCD /* Base */,
			);
			name = LaunchScreen.storyboard;
			sourceTree = "<group>";
		};
/* End PBXVariantGroup section */

/* Begin XCBuildConfiguration section */
		77C4ECEE20A46BB800E1FBCD /* Debug */ = {
			isa = XCBuildConfiguration;
			buildSettings = {
				ALWAYS_SEARCH_USER_PATHS = NO;
				CLANG_ANALYZER_NONNULL = YES;
				CLANG_ANALYZER_NUMBER_OBJECT_CONVERSION = YES_AGGRESSIVE;
				CLANG_CXX_LANGUAGE_STANDARD = "gnu++14";
				CLANG_CXX_LIBRARY = "libc++";
				CLANG_ENABLE_MODULES = YES;
				CLANG_ENABLE_OBJC_ARC = YES;
				CLANG_ENABLE_OBJC_WEAK = YES;
				CLANG_WARN_BLOCK_CAPTURE_AUTORELEASING = YES;
				CLANG_WARN_BOOL_CONVERSION = YES;
				CLANG_WARN_COMMA = YES;
				CLANG_WARN_CONSTANT_CONVERSION = YES;
				CLANG_WARN_DEPRECATED_OBJC_IMPLEMENTATIONS = YES;
				CLANG_WARN_DIRECT_OBJC_ISA_USAGE = YES_ERROR;
				CLANG_WARN_DOCUMENTATION_COMMENTS = YES;
				CLANG_WARN_EMPTY_BODY = YES;
				CLANG_WARN_ENUM_CONVERSION = YES;
				CLANG_WARN_INFINITE_RECURSION = YES;
				CLANG_WARN_INT_CONVERSION = YES;
				CLANG_WARN_NON_LITERAL_NULL_CONVERSION = YES;
				CLANG_WARN_OBJC_IMPLICIT_RETAIN_SELF = YES;
				CLANG_WARN_OBJC_LITERAL_CONVERSION = YES;
				CLANG_WARN_OBJC_ROOT_CLASS = YES_ERROR;
				CLANG_WARN_RANGE_LOOP_ANALYSIS = YES;
				CLANG_WARN_STRICT_PROTOTYPES = YES;
				CLANG_WARN_SUSPICIOUS_MOVE = YES;
				CLANG_WARN_UNGUARDED_AVAILABILITY = YES_AGGRESSIVE;
				CLANG_WARN_UNREACHABLE_CODE = YES;
				CLANG_WARN__DUPLICATE_METHOD_MATCH = YES;
				CODE_SIGN_IDENTITY = "iPhone Developer";
				COPY_PHASE_STRIP = NO;
				DEBUG_INFORMATION_FORMAT = dwarf;
				ENABLE_STRICT_OBJC_MSGSEND = YES;
				ENABLE_TESTABILITY = YES;
				GCC_C_LANGUAGE_STANDARD = gnu11;
				GCC_DYNAMIC_NO_PIC = NO;
				GCC_NO_COMMON_BLOCKS = YES;
				GCC_OPTIMIZATION_LEVEL = 0;
				GCC_PREPROCESSOR_DEFINITIONS = (
					"DEBUG=1",
					"$(inherited)",
				);
				GCC_WARN_64_TO_32_BIT_CONVERSION = YES;
				GCC_WARN_ABOUT_RETURN_TYPE = YES_ERROR;
				GCC_WARN_UNDECLARED_SELECTOR = YES;
				GCC_WARN_UNINITIALIZED_AUTOS = YES_AGGRESSIVE;
				GCC_WARN_UNUSED_FUNCTION = YES;
				GCC_WARN_UNUSED_VARIABLE = YES;
				IPHONEOS_DEPLOYMENT_TARGET = 11.3;
				MTL_ENABLE_DEBUG_INFO = YES;
				ONLY_ACTIVE_ARCH = YES;
				SDKROOT = iphoneos;
				SWIFT_ACTIVE_COMPILATION_CONDITIONS = DEBUG;
				SWIFT_OPTIMIZATION_LEVEL = "-Onone";
			};
			name = Debug;
		};
		77C4ECEF20A46BB800E1FBCD /* Release */ = {
			isa = XCBuildConfiguration;
			buildSettings = {
				ALWAYS_SEARCH_USER_PATHS = NO;
				CLANG_ANALYZER_NONNULL = YES;
				CLANG_ANALYZER_NUMBER_OBJECT_CONVERSION = YES_AGGRESSIVE;
				CLANG_CXX_LANGUAGE_STANDARD = "gnu++14";
				CLANG_CXX_LIBRARY = "libc++";
				CLANG_ENABLE_MODULES = YES;
				CLANG_ENABLE_OBJC_ARC = YES;
				CLANG_ENABLE_OBJC_WEAK = YES;
				CLANG_WARN_BLOCK_CAPTURE_AUTORELEASING = YES;
				CLANG_WARN_BOOL_CONVERSION = YES;
				CLANG_WARN_COMMA = YES;
				CLANG_WARN_CONSTANT_CONVERSION = YES;
				CLANG_WARN_DEPRECATED_OBJC_IMPLEMENTATIONS = YES;
				CLANG_WARN_DIRECT_OBJC_ISA_USAGE = YES_ERROR;
				CLANG_WARN_DOCUMENTATION_COMMENTS = YES;
				CLANG_WARN_EMPTY_BODY = YES;
				CLANG_WARN_ENUM_CONVERSION = YES;
				CLANG_WARN_INFINITE_RECURSION = YES;
				CLANG_WARN_INT_CONVERSION = YES;
				CLANG_WARN_NON_LITERAL_NULL_CONVERSION = YES;
				CLANG_WARN_OBJC_IMPLICIT_RETAIN_SELF = YES;
				CLANG_WARN_OBJC_LITERAL_CONVERSION = YES;
				CLANG_WARN_OBJC_ROOT_CLASS = YES_ERROR;
				CLANG_WARN_RANGE_LOOP_ANALYSIS = YES;
				CLANG_WARN_STRICT_PROTOTYPES = YES;
				CLANG_WARN_SUSPICIOUS_MOVE = YES;
				CLANG_WARN_UNGUARDED_AVAILABILITY = YES_AGGRESSIVE;
				CLANG_WARN_UNREACHABLE_CODE = YES;
				CLANG_WARN__DUPLICATE_METHOD_MATCH = YES;
				CODE_SIGN_IDENTITY = "iPhone Developer";
				COPY_PHASE_STRIP = NO;
				DEBUG_INFORMATION_FORMAT = "dwarf-with-dsym";
				ENABLE_NS_ASSERTIONS = NO;
				ENABLE_STRICT_OBJC_MSGSEND = YES;
				GCC_C_LANGUAGE_STANDARD = gnu11;
				GCC_NO_COMMON_BLOCKS = YES;
				GCC_WARN_64_TO_32_BIT_CONVERSION = YES;
				GCC_WARN_ABOUT_RETURN_TYPE = YES_ERROR;
				GCC_WARN_UNDECLARED_SELECTOR = YES;
				GCC_WARN_UNINITIALIZED_AUTOS = YES_AGGRESSIVE;
				GCC_WARN_UNUSED_FUNCTION = YES;
				GCC_WARN_UNUSED_VARIABLE = YES;
				IPHONEOS_DEPLOYMENT_TARGET = 11.3;
				MTL_ENABLE_DEBUG_INFO = NO;
				SDKROOT = iphoneos;
				SWIFT_COMPILATION_MODE = wholemodule;
				SWIFT_OPTIMIZATION_LEVEL = "-O";
				VALIDATE_PRODUCT = YES;
			};
			name = Release;
		};
		77C4ECF120A46BB800E1FBCD /* Debug */ = {
			isa = XCBuildConfiguration;
			buildSettings = {
				ASSETCATALOG_COMPILER_APPICON_NAME = AppIcon;
				CODE_SIGN_STYLE = Automatic;
				DEVELOPMENT_TEAM = E8G2KPMF2N;
				INFOPLIST_FILE = anbddde/Info.plist;
				IPHONEOS_DEPLOYMENT_TARGET = 8.0;
				LD_RUNPATH_SEARCH_PATHS = (
					"$(inherited)",
					"@executable_path/Frameworks",
				);
				PRODUCT_BUNDLE_IDENTIFIER = com.aaqsoftware.anbddde;
				PRODUCT_NAME = "$(TARGET_NAME)";
				SWIFT_VERSION = 4.0;
				TARGETED_DEVICE_FAMILY = "1,2";
			};
			name = Debug;
		};
		77C4ECF220A46BB800E1FBCD /* Release */ = {
			isa = XCBuildConfiguration;
			buildSettings = {
				ASSETCATALOG_COMPILER_APPICON_NAME = AppIcon;
				CODE_SIGN_STYLE = Automatic;
				DEVELOPMENT_TEAM = E8G2KPMF2N;
				INFOPLIST_FILE = anbddde/Info.plist;
				IPHONEOS_DEPLOYMENT_TARGET = 8.0;
				LD_RUNPATH_SEARCH_PATHS = (
					"$(inherited)",
					"@executable_path/Frameworks",
				);
				PRODUCT_BUNDLE_IDENTIFIER = com.aaqsoftware.anbddde;
				PRODUCT_NAME = "$(TARGET_NAME)";
				SWIFT_VERSION = 4.0;
				TARGETED_DEVICE_FAMILY = "1,2";
			};
			name = Release;
		};
/* End XCBuildConfiguration section */

/* Begin XCConfigurationList section */
		77C4ECD920A46BB700E1FBCD /* Build configuration list for PBXProject "CVCodeView" */ = {
			isa = XCConfigurationList;
			buildConfigurations = (
				77C4ECEE20A46BB800E1FBCD /* Debug */,
				77C4ECEF20A46BB800E1FBCD /* Release */,
			);
			defaultConfigurationIsVisible = 0;
			defaultConfigurationName = Release;
		};
		77C4ECF020A46BB800E1FBCD /* Build configuration list for PBXNativeTarget "CVCodeView" */ = {
			isa = XCConfigurationList;
			buildConfigurations = (
				77C4ECF120A46BB800E1FBCD /* Debug */,
				77C4ECF220A46BB800E1FBCD /* Release */,
			);
			defaultConfigurationIsVisible = 0;
			defaultConfigurationName = Release;
		};
/* End XCConfigurationList section */
	};
	rootObject = 77C4ECD620A46BB700E1FBCD /* Project object */;
}
